github.com/go-stack/stack v1.8.0 h1:5SgMzNM5HxrEjV0ww2lTmX6E2Izsfxas4+YHWRs3Lsk=
github.com/go-stack/stack v1.8.0/go.mod h1:v0f6uXyyMGvRgIKkXu+yp6POWl0qKG85gN/melR3HDY=
github.com/xgfone/go-tools v5.8.0+incompatible h1:2CaJPHRPdvXKfcWDfe8RwhoHlSRenVblU3Ga50TXckk=
github.com/xgfone/go-tools v5.8.0+incompatible/go.mod h1:roYE5IOcMmFQOxxu63P4DZQWTUwcdCwvIDDTLR6kH34=
