github.com/go-stack/stack v1.8.0 h1:5SgMzNM5HxrEjV0ww2lTmX6E2Izsfxas4+YHWRs3Lsk=
github.com/go-stack/stack v1.8.0/go.mod h1:v0f6uXyyMGvRgIKkXu+yp6POWl0qKG85gN/melR3HDY=
github.com/xgfone/logger v1.0.1 h1:X4l6svNTz2oNPMZU+KuR40aTd4NnmtuSf5uXwwJr1Hc=
github.com/xgfone/logger v1.0.1/go.mod h1:7O7v/gWJ+tUe/wA+t3VC1RVrYc8nzTKo1nDs4dEWAQI=
